
Microsoft Visual Studio Solution File, Format Version 12.00
# Visual Studio Version 17
VisualStudioVersion = 17.6.33815.320
MinimumVisualStudioVersion = 10.0.40219.1
Project("{9A19103F-16F7-4668-BE54-9A1E7A4F7556}") = "SimpleShopD.Domain", "SimpleShopD.Domain\SimpleShopD.Domain.csproj", "{83C29794-96FA-4C42-A932-C48D68AAE95D}"
EndProject
Project("{9A19103F-16F7-4668-BE54-9A1E7A4F7556}") = "SimpleShopD.Application", "SimpleShopD.Application\SimpleShopD.Application.csproj", "{0366953A-1E20-49F4-9FEA-3C946511EE20}"
EndProject
Project("{2150E333-8FDC-42A3-9474-1A3956D46DE8}") = "Shared", "Shared", "{D4C0FA7B-DF93-4F41-A753-B9D7DBFDE06A}"
EndProject
Project("{9A19103F-16F7-4668-BE54-9A1E7A4F7556}") = "SimpleShopD.Shared.Abstractions", "SimpleShopD.Shared.Abstractions\SimpleShopD.Shared.Abstractions.csproj", "{367D9694-B7FB-4A00-9DDD-430C8BBA0923}"
EndProject
Project("{9A19103F-16F7-4668-BE54-9A1E7A4F7556}") = "SimpleShopD.Shared", "SimpleShopD.Shared\SimpleShopD.Shared.csproj", "{D7FAB8EF-6111-4161-A605-2F4232FCC8D9}"
EndProject
Project("{2150E333-8FDC-42A3-9474-1A3956D46DE8}") = "Tests", "Tests", "{0572DDF2-A297-4320-8D4F-497C1A1378DD}"
EndProject
Project("{9A19103F-16F7-4668-BE54-9A1E7A4F7556}") = "SimpleShopD.Domain.Tests", "Tests\SimpleShopD.Domain.Tests\SimpleShopD.Domain.Tests.csproj", "{2D3851A3-2E4D-484B-9197-AB8946D4D7C3}"
EndProject
Project("{9A19103F-16F7-4668-BE54-9A1E7A4F7556}") = "SimpleShopD.Application.Tests", "SimpleShopD.Application.Tests\SimpleShopD.Application.Tests.csproj", "{9079DF1B-E951-4CE1-A94C-1819448A8FA3}"
EndProject
Project("{9A19103F-16F7-4668-BE54-9A1E7A4F7556}") = "SimpleShopD.Infrastructure", "SimpleShopD.Infrastructure\SimpleShopD.Infrastructure.csproj", "{16810679-5580-47E9-95B9-802CFB06B41E}"
EndProject
Project("{2150E333-8FDC-42A3-9474-1A3956D46DE8}") = "MyInfo", "MyInfo", "{9C80C82C-7437-4206-B5F1-16C771F5F7E0}"
	ProjectSection(SolutionItems) = preProject
		ef command.txt = ef command.txt
	EndProjectSection
EndProject
Project("{9A19103F-16F7-4668-BE54-9A1E7A4F7556}") = "SimpleShopD.WebApi", "SimpleShopD.WebApi\SimpleShopD.WebApi.csproj", "{E9EB6B90-577F-40FC-BCC7-5058B56B7865}"
EndProject
Project("{E53339B2-1760-4266-BCC7-CA923CBCF16C}") = "docker-compose", "docker-compose.dcproj", "{5DD7770C-6FB2-4FE2-B434-A0CE6B66D02B}"
EndProject
Global
	GlobalSection(SolutionConfigurationPlatforms) = preSolution
		Debug|Any CPU = Debug|Any CPU
		Release|Any CPU = Release|Any CPU
	EndGlobalSection
	GlobalSection(ProjectConfigurationPlatforms) = postSolution
		{83C29794-96FA-4C42-A932-C48D68AAE95D}.Debug|Any CPU.ActiveCfg = Debug|Any CPU
		{83C29794-96FA-4C42-A932-C48D68AAE95D}.Debug|Any CPU.Build.0 = Debug|Any CPU
		{83C29794-96FA-4C42-A932-C48D68AAE95D}.Release|Any CPU.ActiveCfg = Release|Any CPU
		{83C29794-96FA-4C42-A932-C48D68AAE95D}.Release|Any CPU.Build.0 = Release|Any CPU
		{0366953A-1E20-49F4-9FEA-3C946511EE20}.Debug|Any CPU.ActiveCfg = Debug|Any CPU
		{0366953A-1E20-49F4-9FEA-3C946511EE20}.Debug|Any CPU.Build.0 = Debug|Any CPU
		{0366953A-1E20-49F4-9FEA-3C946511EE20}.Release|Any CPU.ActiveCfg = Release|Any CPU
		{0366953A-1E20-49F4-9FEA-3C946511EE20}.Release|Any CPU.Build.0 = Release|Any CPU
		{367D9694-B7FB-4A00-9DDD-430C8BBA0923}.Debug|Any CPU.ActiveCfg = Debug|Any CPU
		{367D9694-B7FB-4A00-9DDD-430C8BBA0923}.Debug|Any CPU.Build.0 = Debug|Any CPU
		{367D9694-B7FB-4A00-9DDD-430C8BBA0923}.Release|Any CPU.ActiveCfg = Release|Any CPU
		{367D9694-B7FB-4A00-9DDD-430C8BBA0923}.Release|Any CPU.Build.0 = Release|Any CPU
		{D7FAB8EF-6111-4161-A605-2F4232FCC8D9}.Debug|Any CPU.ActiveCfg = Debug|Any CPU
		{D7FAB8EF-6111-4161-A605-2F4232FCC8D9}.Debug|Any CPU.Build.0 = Debug|Any CPU
		{D7FAB8EF-6111-4161-A605-2F4232FCC8D9}.Release|Any CPU.ActiveCfg = Release|Any CPU
		{D7FAB8EF-6111-4161-A605-2F4232FCC8D9}.Release|Any CPU.Build.0 = Release|Any CPU
		{2D3851A3-2E4D-484B-9197-AB8946D4D7C3}.Debug|Any CPU.ActiveCfg = Debug|Any CPU
		{2D3851A3-2E4D-484B-9197-AB8946D4D7C3}.Debug|Any CPU.Build.0 = Debug|Any CPU
		{2D3851A3-2E4D-484B-9197-AB8946D4D7C3}.Release|Any CPU.ActiveCfg = Release|Any CPU
		{2D3851A3-2E4D-484B-9197-AB8946D4D7C3}.Release|Any CPU.Build.0 = Release|Any CPU
		{9079DF1B-E951-4CE1-A94C-1819448A8FA3}.Debug|Any CPU.ActiveCfg = Debug|Any CPU
		{9079DF1B-E951-4CE1-A94C-1819448A8FA3}.Debug|Any CPU.Build.0 = Debug|Any CPU
		{9079DF1B-E951-4CE1-A94C-1819448A8FA3}.Release|Any CPU.ActiveCfg = Release|Any CPU
		{9079DF1B-E951-4CE1-A94C-1819448A8FA3}.Release|Any CPU.Build.0 = Release|Any CPU
		{16810679-5580-47E9-95B9-802CFB06B41E}.Debug|Any CPU.ActiveCfg = Debug|Any CPU
		{16810679-5580-47E9-95B9-802CFB06B41E}.Debug|Any CPU.Build.0 = Debug|Any CPU
		{16810679-5580-47E9-95B9-802CFB06B41E}.Release|Any CPU.ActiveCfg = Release|Any CPU
		{16810679-5580-47E9-95B9-802CFB06B41E}.Release|Any CPU.Build.0 = Release|Any CPU
		{E9EB6B90-577F-40FC-BCC7-5058B56B7865}.Debug|Any CPU.ActiveCfg = Debug|Any CPU
		{E9EB6B90-577F-40FC-BCC7-5058B56B7865}.Debug|Any CPU.Build.0 = Debug|Any CPU
		{E9EB6B90-577F-40FC-BCC7-5058B56B7865}.Release|Any CPU.ActiveCfg = Release|Any CPU
		{E9EB6B90-577F-40FC-BCC7-5058B56B7865}.Release|Any CPU.Build.0 = Release|Any CPU
		{5DD7770C-6FB2-4FE2-B434-A0CE6B66D02B}.Debug|Any CPU.ActiveCfg = Debug|Any CPU
		{5DD7770C-6FB2-4FE2-B434-A0CE6B66D02B}.Debug|Any CPU.Build.0 = Debug|Any CPU
		{5DD7770C-6FB2-4FE2-B434-A0CE6B66D02B}.Release|Any CPU.ActiveCfg = Release|Any CPU
		{5DD7770C-6FB2-4FE2-B434-A0CE6B66D02B}.Release|Any CPU.Build.0 = Release|Any CPU
	EndGlobalSection
	GlobalSection(SolutionProperties) = preSolution
		HideSolutionNode = FALSE
	EndGlobalSection
	GlobalSection(NestedProjects) = preSolution
		{367D9694-B7FB-4A00-9DDD-430C8BBA0923} = {D4C0FA7B-DF93-4F41-A753-B9D7DBFDE06A}
		{D7FAB8EF-6111-4161-A605-2F4232FCC8D9} = {D4C0FA7B-DF93-4F41-A753-B9D7DBFDE06A}
		{2D3851A3-2E4D-484B-9197-AB8946D4D7C3} = {0572DDF2-A297-4320-8D4F-497C1A1378DD}
		{9079DF1B-E951-4CE1-A94C-1819448A8FA3} = {0572DDF2-A297-4320-8D4F-497C1A1378DD}
	EndGlobalSection
	GlobalSection(ExtensibilityGlobals) = postSolution
		SolutionGuid = {E33007BC-AE7C-4913-9BFB-9CA48EA03A79}
	EndGlobalSection
EndGlobal
